
Microsoft Visual Studio Solution File, Format Version 12.00
# Visual Studio Version 17
VisualStudioVersion = 17.4.33213.308
MinimumVisualStudioVersion = 10.0.40219.1
Project("{FAE04EC0-301F-11D3-BF4B-00C04F79EFBC}") = "PROYECTO1", "PROYECTO1\PROYECTO1.csproj", "{151A3392-1F06-4EEE-9175-44E47E9D8A3A}"
EndProject
Global
	GlobalSection(SolutionConfigurationPlatforms) = preSolution
		Debug|Any CPU = Debug|Any CPU
		Release|Any CPU = Release|Any CPU
	EndGlobalSection
	GlobalSection(ProjectConfigurationPlatforms) = postSolution
		{151A3392-1F06-4EEE-9175-44E47E9D8A3A}.Debug|Any CPU.ActiveCfg = Debug|Any CPU
		{151A3392-1F06-4EEE-9175-44E47E9D8A3A}.Debug|Any CPU.Build.0 = Debug|Any CPU
		{151A3392-1F06-4EEE-9175-44E47E9D8A3A}.Release|Any CPU.ActiveCfg = Release|Any CPU
		{151A3392-1F06-4EEE-9175-44E47E9D8A3A}.Release|Any CPU.Build.0 = Release|Any CPU
	EndGlobalSection
	GlobalSection(SolutionProperties) = preSolution
		HideSolutionNode = FALSE
	EndGlobalSection
	GlobalSection(ExtensibilityGlobals) = postSolution
		SolutionGuid = {E07D3795-CD6A-40A1-8AB9-FC7EF9DCA369}
	EndGlobalSection
EndGlobal
